
Microsoft Visual Studio Solution File, Format Version 12.00
# Visual Studio Version 17
VisualStudioVersion = 17.0.32126.317
MinimumVisualStudioVersion = 10.0.40219.1
Project("{9A19103F-16F7-4668-BE54-9A1E7A4F7556}") = "VoucherApi", "Voucher\VoucherApi.csproj", "{581AD057-0E8F-4FF9-A337-2D2BFF489E53}"
EndProject
Project("{9A19103F-16F7-4668-BE54-9A1E7A4F7556}") = "Persistence", "Persistence\Persistence.csproj", "{588B6631-3744-4601-9A7B-C092A49BEF55}"
EndProject
Project("{9A19103F-16F7-4668-BE54-9A1E7A4F7556}") = "Domain", "Domain\Domain.csproj", "{F95FF21D-B4C3-4178-AEA6-E44E9B382995}"
EndProject
Project("{2150E333-8FDC-42A3-9474-1A3956D46DE8}") = "Test", "Test", "{42EB7FC5-17C2-4A6B-97AE-7257A02526F4}"
EndProject
Project("{FAE04EC0-301F-11D3-BF4B-00C04F79EFBC}") = "IntegrationTests", "IntegrationTests\IntegrationTests.csproj", "{109200F2-9CD9-4CD7-A139-4CC92786CF57}"
EndProject
Project("{FAE04EC0-301F-11D3-BF4B-00C04F79EFBC}") = "UnitTests", "UnitTests\UnitTests.csproj", "{B1B9839C-6360-4D18-8C09-C0907B9851A0}"
EndProject
Global
	GlobalSection(SolutionConfigurationPlatforms) = preSolution
		Debug|Any CPU = Debug|Any CPU
		Release|Any CPU = Release|Any CPU
	EndGlobalSection
	GlobalSection(ProjectConfigurationPlatforms) = postSolution
		{581AD057-0E8F-4FF9-A337-2D2BFF489E53}.Debug|Any CPU.ActiveCfg = Debug|Any CPU
		{581AD057-0E8F-4FF9-A337-2D2BFF489E53}.Debug|Any CPU.Build.0 = Debug|Any CPU
		{581AD057-0E8F-4FF9-A337-2D2BFF489E53}.Release|Any CPU.ActiveCfg = Release|Any CPU
		{581AD057-0E8F-4FF9-A337-2D2BFF489E53}.Release|Any CPU.Build.0 = Release|Any CPU
		{588B6631-3744-4601-9A7B-C092A49BEF55}.Debug|Any CPU.ActiveCfg = Debug|Any CPU
		{588B6631-3744-4601-9A7B-C092A49BEF55}.Debug|Any CPU.Build.0 = Debug|Any CPU
		{588B6631-3744-4601-9A7B-C092A49BEF55}.Release|Any CPU.ActiveCfg = Release|Any CPU
		{588B6631-3744-4601-9A7B-C092A49BEF55}.Release|Any CPU.Build.0 = Release|Any CPU
		{F95FF21D-B4C3-4178-AEA6-E44E9B382995}.Debug|Any CPU.ActiveCfg = Debug|Any CPU
		{F95FF21D-B4C3-4178-AEA6-E44E9B382995}.Debug|Any CPU.Build.0 = Debug|Any CPU
		{F95FF21D-B4C3-4178-AEA6-E44E9B382995}.Release|Any CPU.ActiveCfg = Release|Any CPU
		{F95FF21D-B4C3-4178-AEA6-E44E9B382995}.Release|Any CPU.Build.0 = Release|Any CPU
		{109200F2-9CD9-4CD7-A139-4CC92786CF57}.Debug|Any CPU.ActiveCfg = Debug|Any CPU
		{109200F2-9CD9-4CD7-A139-4CC92786CF57}.Debug|Any CPU.Build.0 = Debug|Any CPU
		{109200F2-9CD9-4CD7-A139-4CC92786CF57}.Release|Any CPU.ActiveCfg = Release|Any CPU
		{109200F2-9CD9-4CD7-A139-4CC92786CF57}.Release|Any CPU.Build.0 = Release|Any CPU
		{B1B9839C-6360-4D18-8C09-C0907B9851A0}.Debug|Any CPU.ActiveCfg = Debug|Any CPU
		{B1B9839C-6360-4D18-8C09-C0907B9851A0}.Debug|Any CPU.Build.0 = Debug|Any CPU
		{B1B9839C-6360-4D18-8C09-C0907B9851A0}.Release|Any CPU.ActiveCfg = Release|Any CPU
		{B1B9839C-6360-4D18-8C09-C0907B9851A0}.Release|Any CPU.Build.0 = Release|Any CPU
	EndGlobalSection
	GlobalSection(SolutionProperties) = preSolution
		HideSolutionNode = FALSE
	EndGlobalSection
	GlobalSection(NestedProjects) = preSolution
		{109200F2-9CD9-4CD7-A139-4CC92786CF57} = {42EB7FC5-17C2-4A6B-97AE-7257A02526F4}
		{B1B9839C-6360-4D18-8C09-C0907B9851A0} = {42EB7FC5-17C2-4A6B-97AE-7257A02526F4}
	EndGlobalSection
	GlobalSection(ExtensibilityGlobals) = postSolution
		SolutionGuid = {7DFC0FCE-7ED8-4DF8-AF2C-00F1D31FE901}
	EndGlobalSection
EndGlobal
